
Microsoft Visual Studio Solution File, Format Version 12.00
# Visual Studio Version 17
VisualStudioVersion = 17.10.35004.147
MinimumVisualStudioVersion = 10.0.40219.1
Project("{FAE04EC0-301F-11D3-BF4B-00C04F79EFBC}") = "hw_10_09_2024", "hw_10_09_2024\hw_10_09_2024.csproj", "{FA9F7C12-29CB-4165-8211-360F778D0EAA}"
EndProject
Global
	GlobalSection(SolutionConfigurationPlatforms) = preSolution
		Debug|Any CPU = Debug|Any CPU
		Release|Any CPU = Release|Any CPU
	EndGlobalSection
	GlobalSection(ProjectConfigurationPlatforms) = postSolution
		{FA9F7C12-29CB-4165-8211-360F778D0EAA}.Debug|Any CPU.ActiveCfg = Debug|Any CPU
		{FA9F7C12-29CB-4165-8211-360F778D0EAA}.Debug|Any CPU.Build.0 = Debug|Any CPU
		{FA9F7C12-29CB-4165-8211-360F778D0EAA}.Release|Any CPU.ActiveCfg = Release|Any CPU
		{FA9F7C12-29CB-4165-8211-360F778D0EAA}.Release|Any CPU.Build.0 = Release|Any CPU
	EndGlobalSection
	GlobalSection(SolutionProperties) = preSolution
		HideSolutionNode = FALSE
	EndGlobalSection
	GlobalSection(ExtensibilityGlobals) = postSolution
		SolutionGuid = {F284A248-BD6F-4F68-BA74-C7CFCEDF76F7}
	EndGlobalSection
EndGlobal
